
Microsoft Visual Studio Solution File, Format Version 12.00
# Visual Studio Version 17
VisualStudioVersion = 17.0.32014.148
MinimumVisualStudioVersion = 10.0.40219.1
Project("{FAE04EC0-301F-11D3-BF4B-00C04F79EFBC}") = "TaskManager", "TaskManager.csproj", "{2C5FA561-1F5A-49DB-A7CF-566134CC182A}"
EndProject
Global
	GlobalSection(SolutionConfigurationPlatforms) = preSolution
		Debug|Any CPU = Debug|Any CPU
		Release|Any CPU = Release|Any CPU
	EndGlobalSection
	GlobalSection(ProjectConfigurationPlatforms) = postSolution
		{2C5FA561-1F5A-49DB-A7CF-566134CC182A}.Debug|Any CPU.ActiveCfg = Debug|Any CPU
		{2C5FA561-1F5A-49DB-A7CF-566134CC182A}.Debug|Any CPU.Build.0 = Debug|Any CPU
		{2C5FA561-1F5A-49DB-A7CF-566134CC182A}.Release|Any CPU.ActiveCfg = Release|Any CPU
		{2C5FA561-1F5A-49DB-A7CF-566134CC182A}.Release|Any CPU.Build.0 = Release|Any CPU
	EndGlobalSection
	GlobalSection(SolutionProperties) = preSolution
		HideSolutionNode = FALSE
	EndGlobalSection
	GlobalSection(ExtensibilityGlobals) = postSolution
		SolutionGuid = {179BF305-0BB3-4DDB-A28D-B474F206B9B5}
	EndGlobalSection
EndGlobal
